
Microsoft Visual Studio Solution File, Format Version 12.00
# Visual Studio Version 17
VisualStudioVersion = 17.3.32901.215
MinimumVisualStudioVersion = 10.0.40219.1
Project("{FAE04EC0-301F-11D3-BF4B-00C04F79EFBC}") = "Examen-1Trim-Pablo_Miguel_del_Castillo_Barba_2DAM", "Examen-1Trim-Pablo_Miguel_del_Castillo_Barba_2DAM\Examen-1Trim-Pablo_Miguel_del_Castillo_Barba_2DAM.csproj", "{4F9749AC-F311-4F79-8EFC-3B2B35D98052}"
EndProject
Global
	GlobalSection(SolutionConfigurationPlatforms) = preSolution
		Debug|Any CPU = Debug|Any CPU
		Release|Any CPU = Release|Any CPU
	EndGlobalSection
	GlobalSection(ProjectConfigurationPlatforms) = postSolution
		{4F9749AC-F311-4F79-8EFC-3B2B35D98052}.Debug|Any CPU.ActiveCfg = Debug|Any CPU
		{4F9749AC-F311-4F79-8EFC-3B2B35D98052}.Debug|Any CPU.Build.0 = Debug|Any CPU
		{4F9749AC-F311-4F79-8EFC-3B2B35D98052}.Release|Any CPU.ActiveCfg = Release|Any CPU
		{4F9749AC-F311-4F79-8EFC-3B2B35D98052}.Release|Any CPU.Build.0 = Release|Any CPU
	EndGlobalSection
	GlobalSection(SolutionProperties) = preSolution
		HideSolutionNode = FALSE
	EndGlobalSection
	GlobalSection(ExtensibilityGlobals) = postSolution
		SolutionGuid = {F955F004-08CC-4D6A-8DB3-C5D6E973DB01}
	EndGlobalSection
EndGlobal
